
Microsoft Visual Studio Solution File, Format Version 12.00
# Visual Studio Version 17
VisualStudioVersion = 17.5.001.0
MinimumVisualStudioVersion = 10.0.40219.1
Project("{2150E333-8FDC-42A3-9474-1A3956D46DE8}") = "csharp-prep", "csharp-prep", "{5EFF49D5-D655-448D-B02E-21348FD6BA94}"
EndProject
Project("{9A19103F-16F7-4668-BE54-9A1E7A4F7556}") = "Prep1", "csharp-prep\Prep1\Prep1.csproj", "{C76EBC34-215C-47FE-830E-B3B561C68F2D}"
EndProject
Project("{9A19103F-16F7-4668-BE54-9A1E7A4F7556}") = "Prep2", "csharp-prep\Prep2\Prep2.csproj", "{5F7ACA14-D5FD-469B-9B9F-1ADCF7733155}"
EndProject
Project("{9A19103F-16F7-4668-BE54-9A1E7A4F7556}") = "Prep3", "csharp-prep\Prep3\Prep3.csproj", "{CE86143E-795D-473D-8B78-AC33033580B5}"
EndProject
Project("{9A19103F-16F7-4668-BE54-9A1E7A4F7556}") = "Prep4", "csharp-prep\Prep4\Prep4.csproj", "{AF495419-64A7-4AC1-845C-783CD743DA1F}"
EndProject
Project("{9A19103F-16F7-4668-BE54-9A1E7A4F7556}") = "Prep5", "csharp-prep\Prep5\Prep5.csproj", "{35D20851-AE0D-460F-A459-81AA4AFDCD5E}"
EndProject
Project("{2150E333-8FDC-42A3-9474-1A3956D46DE8}") = "final", "final", "{1B677187-FAD3-4626-8859-72CB2C5D3795}"
EndProject
Project("{9A19103F-16F7-4668-BE54-9A1E7A4F7556}") = "FinalProject", "final\FinalProject\FinalProject.csproj", "{4F533A46-A60B-4C0E-B7C4-68D7F4E98897}"
EndProject
Project("{9A19103F-16F7-4668-BE54-9A1E7A4F7556}") = "Foundation1", "final\Foundation1\Foundation1.csproj", "{5840C796-641E-41FB-809B-E21C6EB580AD}"
EndProject
Project("{9A19103F-16F7-4668-BE54-9A1E7A4F7556}") = "Foundation2", "final\Foundation2\Foundation2.csproj", "{9323D6CE-F698-4642-A884-A81D8CD39F15}"
EndProject
Project("{9A19103F-16F7-4668-BE54-9A1E7A4F7556}") = "Foundation3", "final\Foundation3\Foundation3.csproj", "{146CC11E-B8DE-4FBC-A015-0A09A3E5A476}"
EndProject
Project("{9A19103F-16F7-4668-BE54-9A1E7A4F7556}") = "Foundation4", "final\Foundation4\Foundation4.csproj", "{C33721E0-AA0C-4D42-92F1-15FD6276EC57}"
EndProject
Project("{2150E333-8FDC-42A3-9474-1A3956D46DE8}") = "prepare", "prepare", "{0AC335A3-D375-45CB-89BE-F2CEB5D1CB86}"
EndProject
Project("{9A19103F-16F7-4668-BE54-9A1E7A4F7556}") = "Learning02", "prepare\Learning02\Learning02.csproj", "{5F4F5B10-3B97-4290-AD07-4768EA232D25}"
EndProject
Project("{9A19103F-16F7-4668-BE54-9A1E7A4F7556}") = "Learning03", "prepare\Learning03\Learning03.csproj", "{8A2EF13A-32D0-4AC1-B201-59269FF33F7A}"
EndProject
Project("{9A19103F-16F7-4668-BE54-9A1E7A4F7556}") = "Learning04", "prepare\Learning04\Learning04.csproj", "{ED76A7A0-EF69-4705-962B-A05925608078}"
EndProject
Project("{9A19103F-16F7-4668-BE54-9A1E7A4F7556}") = "Learning05", "prepare\Learning05\Learning05.csproj", "{6D7CEB3D-B1D6-439D-B98F-96A2A32784DA}"
EndProject
Project("{2150E333-8FDC-42A3-9474-1A3956D46DE8}") = "prove", "prove", "{7C4417DB-0DEF-410B-8C36-AD6AEEAA741F}"
EndProject
Project("{9A19103F-16F7-4668-BE54-9A1E7A4F7556}") = "Develop02", "prove\Develop02\Develop02.csproj", "{D9DE0375-F049-4E00-B247-1901FAFC8C03}"
EndProject
Project("{9A19103F-16F7-4668-BE54-9A1E7A4F7556}") = "Develop03", "prove\Develop03\Develop03.csproj", "{BB964A26-0DBA-461B-9153-46E0AB70FACF}"
EndProject
Project("{9A19103F-16F7-4668-BE54-9A1E7A4F7556}") = "Develop04", "prove\Develop04\Develop04.csproj", "{7C45F333-433E-4B22-AF7A-DA650AA53048}"
EndProject
Project("{9A19103F-16F7-4668-BE54-9A1E7A4F7556}") = "Develop05", "prove\Develop05\Develop05.csproj", "{6B9EEAF2-5B44-4700-A695-B9C2A13221B4}"
EndProject
Project("{2150E333-8FDC-42A3-9474-1A3956D46DE8}") = "sandbox", "sandbox", "{251E2A71-2B14-4368-82B0-83FE5F5F1E1E}"
EndProject
Project("{9A19103F-16F7-4668-BE54-9A1E7A4F7556}") = "Sandbox", "sandbox\Sandbox\Sandbox.csproj", "{EA05E55C-E460-4AE5-9865-0C5EF17FFDB8}"
EndProject
Global
	GlobalSection(SolutionConfigurationPlatforms) = preSolution
		Debug|Any CPU = Debug|Any CPU
		Release|Any CPU = Release|Any CPU
	EndGlobalSection
	GlobalSection(ProjectConfigurationPlatforms) = postSolution
		{C76EBC34-215C-47FE-830E-B3B561C68F2D}.Debug|Any CPU.ActiveCfg = Debug|Any CPU
		{C76EBC34-215C-47FE-830E-B3B561C68F2D}.Debug|Any CPU.Build.0 = Debug|Any CPU
		{C76EBC34-215C-47FE-830E-B3B561C68F2D}.Release|Any CPU.ActiveCfg = Release|Any CPU
		{C76EBC34-215C-47FE-830E-B3B561C68F2D}.Release|Any CPU.Build.0 = Release|Any CPU
		{5F7ACA14-D5FD-469B-9B9F-1ADCF7733155}.Debug|Any CPU.ActiveCfg = Debug|Any CPU
		{5F7ACA14-D5FD-469B-9B9F-1ADCF7733155}.Debug|Any CPU.Build.0 = Debug|Any CPU
		{5F7ACA14-D5FD-469B-9B9F-1ADCF7733155}.Release|Any CPU.ActiveCfg = Release|Any CPU
		{5F7ACA14-D5FD-469B-9B9F-1ADCF7733155}.Release|Any CPU.Build.0 = Release|Any CPU
		{CE86143E-795D-473D-8B78-AC33033580B5}.Debug|Any CPU.ActiveCfg = Debug|Any CPU
		{CE86143E-795D-473D-8B78-AC33033580B5}.Debug|Any CPU.Build.0 = Debug|Any CPU
		{CE86143E-795D-473D-8B78-AC33033580B5}.Release|Any CPU.ActiveCfg = Release|Any CPU
		{CE86143E-795D-473D-8B78-AC33033580B5}.Release|Any CPU.Build.0 = Release|Any CPU
		{AF495419-64A7-4AC1-845C-783CD743DA1F}.Debug|Any CPU.ActiveCfg = Debug|Any CPU
		{AF495419-64A7-4AC1-845C-783CD743DA1F}.Debug|Any CPU.Build.0 = Debug|Any CPU
		{AF495419-64A7-4AC1-845C-783CD743DA1F}.Release|Any CPU.ActiveCfg = Release|Any CPU
		{AF495419-64A7-4AC1-845C-783CD743DA1F}.Release|Any CPU.Build.0 = Release|Any CPU
		{35D20851-AE0D-460F-A459-81AA4AFDCD5E}.Debug|Any CPU.ActiveCfg = Debug|Any CPU
		{35D20851-AE0D-460F-A459-81AA4AFDCD5E}.Debug|Any CPU.Build.0 = Debug|Any CPU
		{35D20851-AE0D-460F-A459-81AA4AFDCD5E}.Release|Any CPU.ActiveCfg = Release|Any CPU
		{35D20851-AE0D-460F-A459-81AA4AFDCD5E}.Release|Any CPU.Build.0 = Release|Any CPU
		{4F533A46-A60B-4C0E-B7C4-68D7F4E98897}.Debug|Any CPU.ActiveCfg = Debug|Any CPU
		{4F533A46-A60B-4C0E-B7C4-68D7F4E98897}.Debug|Any CPU.Build.0 = Debug|Any CPU
		{4F533A46-A60B-4C0E-B7C4-68D7F4E98897}.Release|Any CPU.ActiveCfg = Release|Any CPU
		{4F533A46-A60B-4C0E-B7C4-68D7F4E98897}.Release|Any CPU.Build.0 = Release|Any CPU
		{5840C796-641E-41FB-809B-E21C6EB580AD}.Debug|Any CPU.ActiveCfg = Debug|Any CPU
		{5840C796-641E-41FB-809B-E21C6EB580AD}.Debug|Any CPU.Build.0 = Debug|Any CPU
		{5840C796-641E-41FB-809B-E21C6EB580AD}.Release|Any CPU.ActiveCfg = Release|Any CPU
		{5840C796-641E-41FB-809B-E21C6EB580AD}.Release|Any CPU.Build.0 = Release|Any CPU
		{9323D6CE-F698-4642-A884-A81D8CD39F15}.Debug|Any CPU.ActiveCfg = Debug|Any CPU
		{9323D6CE-F698-4642-A884-A81D8CD39F15}.Debug|Any CPU.Build.0 = Debug|Any CPU
		{9323D6CE-F698-4642-A884-A81D8CD39F15}.Release|Any CPU.ActiveCfg = Release|Any CPU
		{9323D6CE-F698-4642-A884-A81D8CD39F15}.Release|Any CPU.Build.0 = Release|Any CPU
		{146CC11E-B8DE-4FBC-A015-0A09A3E5A476}.Debug|Any CPU.ActiveCfg = Debug|Any CPU
		{146CC11E-B8DE-4FBC-A015-0A09A3E5A476}.Debug|Any CPU.Build.0 = Debug|Any CPU
		{146CC11E-B8DE-4FBC-A015-0A09A3E5A476}.Release|Any CPU.ActiveCfg = Release|Any CPU
		{146CC11E-B8DE-4FBC-A015-0A09A3E5A476}.Release|Any CPU.Build.0 = Release|Any CPU
		{C33721E0-AA0C-4D42-92F1-15FD6276EC57}.Debug|Any CPU.ActiveCfg = Debug|Any CPU
		{C33721E0-AA0C-4D42-92F1-15FD6276EC57}.Debug|Any CPU.Build.0 = Debug|Any CPU
		{C33721E0-AA0C-4D42-92F1-15FD6276EC57}.Release|Any CPU.ActiveCfg = Release|Any CPU
		{C33721E0-AA0C-4D42-92F1-15FD6276EC57}.Release|Any CPU.Build.0 = Release|Any CPU
		{5F4F5B10-3B97-4290-AD07-4768EA232D25}.Debug|Any CPU.ActiveCfg = Debug|Any CPU
		{5F4F5B10-3B97-4290-AD07-4768EA232D25}.Debug|Any CPU.Build.0 = Debug|Any CPU
		{5F4F5B10-3B97-4290-AD07-4768EA232D25}.Release|Any CPU.ActiveCfg = Release|Any CPU
		{5F4F5B10-3B97-4290-AD07-4768EA232D25}.Release|Any CPU.Build.0 = Release|Any CPU
		{8A2EF13A-32D0-4AC1-B201-59269FF33F7A}.Debug|Any CPU.ActiveCfg = Debug|Any CPU
		{8A2EF13A-32D0-4AC1-B201-59269FF33F7A}.Debug|Any CPU.Build.0 = Debug|Any CPU
		{8A2EF13A-32D0-4AC1-B201-59269FF33F7A}.Release|Any CPU.ActiveCfg = Release|Any CPU
		{8A2EF13A-32D0-4AC1-B201-59269FF33F7A}.Release|Any CPU.Build.0 = Release|Any CPU
		{ED76A7A0-EF69-4705-962B-A05925608078}.Debug|Any CPU.ActiveCfg = Debug|Any CPU
		{ED76A7A0-EF69-4705-962B-A05925608078}.Debug|Any CPU.Build.0 = Debug|Any CPU
		{ED76A7A0-EF69-4705-962B-A05925608078}.Release|Any CPU.ActiveCfg = Release|Any CPU
		{ED76A7A0-EF69-4705-962B-A05925608078}.Release|Any CPU.Build.0 = Release|Any CPU
		{6D7CEB3D-B1D6-439D-B98F-96A2A32784DA}.Debug|Any CPU.ActiveCfg = Debug|Any CPU
		{6D7CEB3D-B1D6-439D-B98F-96A2A32784DA}.Debug|Any CPU.Build.0 = Debug|Any CPU
		{6D7CEB3D-B1D6-439D-B98F-96A2A32784DA}.Release|Any CPU.ActiveCfg = Release|Any CPU
		{6D7CEB3D-B1D6-439D-B98F-96A2A32784DA}.Release|Any CPU.Build.0 = Release|Any CPU
		{D9DE0375-F049-4E00-B247-1901FAFC8C03}.Debug|Any CPU.ActiveCfg = Debug|Any CPU
		{D9DE0375-F049-4E00-B247-1901FAFC8C03}.Debug|Any CPU.Build.0 = Debug|Any CPU
		{D9DE0375-F049-4E00-B247-1901FAFC8C03}.Release|Any CPU.ActiveCfg = Release|Any CPU
		{D9DE0375-F049-4E00-B247-1901FAFC8C03}.Release|Any CPU.Build.0 = Release|Any CPU
		{BB964A26-0DBA-461B-9153-46E0AB70FACF}.Debug|Any CPU.ActiveCfg = Debug|Any CPU
		{BB964A26-0DBA-461B-9153-46E0AB70FACF}.Debug|Any CPU.Build.0 = Debug|Any CPU
		{BB964A26-0DBA-461B-9153-46E0AB70FACF}.Release|Any CPU.ActiveCfg = Release|Any CPU
		{BB964A26-0DBA-461B-9153-46E0AB70FACF}.Release|Any CPU.Build.0 = Release|Any CPU
		{7C45F333-433E-4B22-AF7A-DA650AA53048}.Debug|Any CPU.ActiveCfg = Debug|Any CPU
		{7C45F333-433E-4B22-AF7A-DA650AA53048}.Debug|Any CPU.Build.0 = Debug|Any CPU
		{7C45F333-433E-4B22-AF7A-DA650AA53048}.Release|Any CPU.ActiveCfg = Release|Any CPU
		{7C45F333-433E-4B22-AF7A-DA650AA53048}.Release|Any CPU.Build.0 = Release|Any CPU
		{6B9EEAF2-5B44-4700-A695-B9C2A13221B4}.Debug|Any CPU.ActiveCfg = Debug|Any CPU
		{6B9EEAF2-5B44-4700-A695-B9C2A13221B4}.Debug|Any CPU.Build.0 = Debug|Any CPU
		{6B9EEAF2-5B44-4700-A695-B9C2A13221B4}.Release|Any CPU.ActiveCfg = Release|Any CPU
		{6B9EEAF2-5B44-4700-A695-B9C2A13221B4}.Release|Any CPU.Build.0 = Release|Any CPU
		{EA05E55C-E460-4AE5-9865-0C5EF17FFDB8}.Debug|Any CPU.ActiveCfg = Debug|Any CPU
		{EA05E55C-E460-4AE5-9865-0C5EF17FFDB8}.Debug|Any CPU.Build.0 = Debug|Any CPU
		{EA05E55C-E460-4AE5-9865-0C5EF17FFDB8}.Release|Any CPU.ActiveCfg = Release|Any CPU
		{EA05E55C-E460-4AE5-9865-0C5EF17FFDB8}.Release|Any CPU.Build.0 = Release|Any CPU
	EndGlobalSection
	GlobalSection(SolutionProperties) = preSolution
		HideSolutionNode = FALSE
	EndGlobalSection
	GlobalSection(NestedProjects) = preSolution
		{C76EBC34-215C-47FE-830E-B3B561C68F2D} = {5EFF49D5-D655-448D-B02E-21348FD6BA94}
		{5F7ACA14-D5FD-469B-9B9F-1ADCF7733155} = {5EFF49D5-D655-448D-B02E-21348FD6BA94}
		{CE86143E-795D-473D-8B78-AC33033580B5} = {5EFF49D5-D655-448D-B02E-21348FD6BA94}
		{AF495419-64A7-4AC1-845C-783CD743DA1F} = {5EFF49D5-D655-448D-B02E-21348FD6BA94}
		{35D20851-AE0D-460F-A459-81AA4AFDCD5E} = {5EFF49D5-D655-448D-B02E-21348FD6BA94}
		{4F533A46-A60B-4C0E-B7C4-68D7F4E98897} = {1B677187-FAD3-4626-8859-72CB2C5D3795}
		{5840C796-641E-41FB-809B-E21C6EB580AD} = {1B677187-FAD3-4626-8859-72CB2C5D3795}
		{9323D6CE-F698-4642-A884-A81D8CD39F15} = {1B677187-FAD3-4626-8859-72CB2C5D3795}
		{146CC11E-B8DE-4FBC-A015-0A09A3E5A476} = {1B677187-FAD3-4626-8859-72CB2C5D3795}
		{C33721E0-AA0C-4D42-92F1-15FD6276EC57} = {1B677187-FAD3-4626-8859-72CB2C5D3795}
		{5F4F5B10-3B97-4290-AD07-4768EA232D25} = {0AC335A3-D375-45CB-89BE-F2CEB5D1CB86}
		{8A2EF13A-32D0-4AC1-B201-59269FF33F7A} = {0AC335A3-D375-45CB-89BE-F2CEB5D1CB86}
		{ED76A7A0-EF69-4705-962B-A05925608078} = {0AC335A3-D375-45CB-89BE-F2CEB5D1CB86}
		{6D7CEB3D-B1D6-439D-B98F-96A2A32784DA} = {0AC335A3-D375-45CB-89BE-F2CEB5D1CB86}
		{D9DE0375-F049-4E00-B247-1901FAFC8C03} = {7C4417DB-0DEF-410B-8C36-AD6AEEAA741F}
		{BB964A26-0DBA-461B-9153-46E0AB70FACF} = {7C4417DB-0DEF-410B-8C36-AD6AEEAA741F}
		{7C45F333-433E-4B22-AF7A-DA650AA53048} = {7C4417DB-0DEF-410B-8C36-AD6AEEAA741F}
		{6B9EEAF2-5B44-4700-A695-B9C2A13221B4} = {7C4417DB-0DEF-410B-8C36-AD6AEEAA741F}
		{EA05E55C-E460-4AE5-9865-0C5EF17FFDB8} = {251E2A71-2B14-4368-82B0-83FE5F5F1E1E}
	EndGlobalSection
	GlobalSection(ExtensibilityGlobals) = postSolution
		SolutionGuid = {32E52154-024D-4BB9-AFFC-EE8D4FF2F337}
	EndGlobalSection
EndGlobal
